lockfileVersion: 5.3

specifiers:
  '@shopify/polaris-icons': ^4.5.0

devDependencies:
  '@shopify/polaris-icons': 4.5.0

packages:

  /@shopify/polaris-icons/4.5.0:
    resolution: {integrity: sha512-ATmB9cFohBoA+p2wumzg6Y9qk6hHibxIqjsJFSi0jWSIn3C8nmqkiCnMg5mJIyb8jWoSgpaqqeTNV57xD17yIQ==}
    dev: true
